
Microsoft Visual Studio Solution File, Format Version 11.00
# Visual Studio 2010
Project("{FAE04EC0-301F-11D3-BF4B-00C04F79EFBC}") = "Unity.RenderPipelines.Core.Runtime", "Unity.RenderPipelines.Core.Runtime.csproj", "{f036f2de-d319-ff6b-c095-7b3b1e96d588}"
EndProject
Project("{FAE04EC0-301F-11D3-BF4B-00C04F79EFBC}") = "UnityEngine.TestRunner", "UnityEngine.TestRunner.csproj", "{eabe73a4-8d31-6da5-fb1a-b6bbfcb54865}"
EndProject
Project("{FAE04EC0-301F-11D3-BF4B-00C04F79EFBC}") = "Unity.Mathematics", "Unity.Mathematics.csproj", "{e9d83f4d-6abe-cab0-0114-f8e44b9c5d6a}"
EndProject
Project("{FAE04EC0-301F-11D3-BF4B-00C04F79EFBC}") = "Unity.InputSystem", "Unity.InputSystem.csproj", "{17714c70-6175-ec2f-52bc-61d0d865f761}"
EndProject
Project("{FAE04EC0-301F-11D3-BF4B-00C04F79EFBC}") = "Assembly-CSharp", "Assembly-CSharp.csproj", "{7e23397b-72eb-6bfd-2e8b-43a009cc29fc}"
EndProject
Project("{FAE04EC0-301F-11D3-BF4B-00C04F79EFBC}") = "Unity.RenderPipelines.Universal.Runtime", "Unity.RenderPipelines.Universal.Runtime.csproj", "{d206b690-798e-c1b0-d7c5-a5d82c277b06}"
EndProject
Project("{FAE04EC0-301F-11D3-BF4B-00C04F79EFBC}") = "Unity.TextMeshPro", "Unity.TextMeshPro.csproj", "{75fda899-8758-e259-3314-01fc250a5bb4}"
EndProject
Project("{FAE04EC0-301F-11D3-BF4B-00C04F79EFBC}") = "Cinemachine", "Cinemachine.csproj", "{e1bc03c3-1416-8755-e80a-76c9782c4a04}"
EndProject
Project("{FAE04EC0-301F-11D3-BF4B-00C04F79EFBC}") = "Unity.Timeline", "Unity.Timeline.csproj", "{c220fa54-cc3b-a6bb-3824-8617d4e123b3}"
EndProject
Project("{FAE04EC0-301F-11D3-BF4B-00C04F79EFBC}") = "Unity.2D.PixelPerfect", "Unity.2D.PixelPerfect.csproj", "{72bee2b8-bdfd-5116-a7b8-c1f44ddb5fc5}"
EndProject
Project("{FAE04EC0-301F-11D3-BF4B-00C04F79EFBC}") = "Unity.RenderPipelines.Core.ShaderLibrary", "Unity.RenderPipelines.Core.ShaderLibrary.csproj", "{4270ed51-9451-3a9e-44aa-97278f9e7063}"
EndProject
Project("{FAE04EC0-301F-11D3-BF4B-00C04F79EFBC}") = "Unity.RenderPipeline.Universal.ShaderLibrary", "Unity.RenderPipeline.Universal.ShaderLibrary.csproj", "{df1c0249-9f03-f459-5e34-b1261bc5165d}"
EndProject
Project("{FAE04EC0-301F-11D3-BF4B-00C04F79EFBC}") = "Unity.RenderPipelines.Universal.Shaders", "Unity.RenderPipelines.Universal.Shaders.csproj", "{2cfb4546-4e8e-dc0f-9a49-9befac76611c}"
EndProject
Project("{FAE04EC0-301F-11D3-BF4B-00C04F79EFBC}") = "Unity.RenderPipelines.ShaderGraph.ShaderGraphLibrary", "Unity.RenderPipelines.ShaderGraph.ShaderGraphLibrary.csproj", "{6257ab98-6a8e-578e-636e-a4a3826b81af}"
EndProject
Project("{FAE04EC0-301F-11D3-BF4B-00C04F79EFBC}") = "Unity.PlasticSCM.Editor", "Unity.PlasticSCM.Editor.csproj", "{f35be37e-8008-cd44-db35-e13522655578}"
EndProject
Project("{FAE04EC0-301F-11D3-BF4B-00C04F79EFBC}") = "Unity.ShaderGraph.Editor", "Unity.ShaderGraph.Editor.csproj", "{a50bfbd0-8e38-3eca-2c8a-47ad6c92482d}"
EndProject
Project("{FAE04EC0-301F-11D3-BF4B-00C04F79EFBC}") = "Unity.VisualStudio.Editor", "Unity.VisualStudio.Editor.csproj", "{38c4ec10-3c99-3cfd-dd46-0176f43d77e0}"
EndProject
Project("{FAE04EC0-301F-11D3-BF4B-00C04F79EFBC}") = "Unity.Timeline.Editor", "Unity.Timeline.Editor.csproj", "{4f1c015b-97c6-fb03-5f08-96550de6cd54}"
EndProject
Project("{FAE04EC0-301F-11D3-BF4B-00C04F79EFBC}") = "com.unity.cinemachine.editor", "com.unity.cinemachine.editor.csproj", "{42120ff7-f8f5-743c-2b7c-5996f0c41b8c}"
EndProject
Project("{FAE04EC0-301F-11D3-BF4B-00C04F79EFBC}") = "Unity.TextMeshPro.Editor", "Unity.TextMeshPro.Editor.csproj", "{ba365d59-4667-9ff5-69cc-5fbca02dcb19}"
EndProject
Project("{FAE04EC0-301F-11D3-BF4B-00C04F79EFBC}") = "Unity.CollabProxy.Editor", "Unity.CollabProxy.Editor.csproj", "{ee7c3141-2dd2-0e56-99fe-8ec8da7dbe7d}"
EndProject
Project("{FAE04EC0-301F-11D3-BF4B-00C04F79EFBC}") = "UnityEditor.TestRunner", "UnityEditor.TestRunner.csproj", "{e85d83cc-ddab-320a-58bf-1eceaf0fecd7}"
EndProject
Project("{FAE04EC0-301F-11D3-BF4B-00C04F79EFBC}") = "Unity.Rider.Editor", "Unity.Rider.Editor.csproj", "{c84d731b-83ec-0a5a-8412-ccd9d288fdc6}"
EndProject
Project("{FAE04EC0-301F-11D3-BF4B-00C04F79EFBC}") = "Unity.RenderPipelines.Universal.Editor", "Unity.RenderPipelines.Universal.Editor.csproj", "{1cf5bdfd-1122-9e1c-6339-5072ef2572f1}"
EndProject
Project("{FAE04EC0-301F-11D3-BF4B-00C04F79EFBC}") = "Unity.RenderPipelines.Core.Editor", "Unity.RenderPipelines.Core.Editor.csproj", "{feb06d88-640e-b193-e4ed-3ea8c877a971}"
EndProject
Project("{FAE04EC0-301F-11D3-BF4B-00C04F79EFBC}") = "Unity.Searcher.Editor", "Unity.Searcher.Editor.csproj", "{5f7afc34-c689-2b62-3b90-a795d734d17e}"
EndProject
Project("{FAE04EC0-301F-11D3-BF4B-00C04F79EFBC}") = "Unity.2D.PixelPerfect.Editor", "Unity.2D.PixelPerfect.Editor.csproj", "{9538e841-0cd5-6d8a-6001-9f75f96ef228}"
EndProject
Project("{FAE04EC0-301F-11D3-BF4B-00C04F79EFBC}") = "Unity.VSCode.Editor", "Unity.VSCode.Editor.csproj", "{fbfb744b-dfa7-ebe1-8365-0d24439ec5e3}"
EndProject
Project("{FAE04EC0-301F-11D3-BF4B-00C04F79EFBC}") = "Unity.Mathematics.Editor", "Unity.Mathematics.Editor.csproj", "{542d6eb4-4bd6-e3ff-a337-b5c29525030f}"
EndProject
Project("{FAE04EC0-301F-11D3-BF4B-00C04F79EFBC}") = "Unity.ShaderGraph.Utilities", "Unity.ShaderGraph.Utilities.csproj", "{0575510d-94d4-61dd-19f5-e6ae6692c882}"
EndProject
Project("{FAE04EC0-301F-11D3-BF4B-00C04F79EFBC}") = "Assembly-CSharp-Editor-firstpass", "Assembly-CSharp-Editor-firstpass.csproj", "{fc00f57e-fbf6-5397-0398-4bb9d66b35c5}"
EndProject
Global
	GlobalSection(SolutionConfigurationPlatforms) = preSolution
		Debug|Any CPU = Debug|Any CPU
	EndGlobalSection
	GlobalSection(ProjectConfigurationPlatforms) = postSolution
		{f036f2de-d319-ff6b-c095-7b3b1e96d588}.Debug|Any CPU.ActiveCfg = Debug|Any CPU
		{f036f2de-d319-ff6b-c095-7b3b1e96d588}.Debug|Any CPU.Build.0 = Debug|Any CPU
		{eabe73a4-8d31-6da5-fb1a-b6bbfcb54865}.Debug|Any CPU.ActiveCfg = Debug|Any CPU
		{eabe73a4-8d31-6da5-fb1a-b6bbfcb54865}.Debug|Any CPU.Build.0 = Debug|Any CPU
		{e9d83f4d-6abe-cab0-0114-f8e44b9c5d6a}.Debug|Any CPU.ActiveCfg = Debug|Any CPU
		{e9d83f4d-6abe-cab0-0114-f8e44b9c5d6a}.Debug|Any CPU.Build.0 = Debug|Any CPU
		{17714c70-6175-ec2f-52bc-61d0d865f761}.Debug|Any CPU.ActiveCfg = Debug|Any CPU
		{17714c70-6175-ec2f-52bc-61d0d865f761}.Debug|Any CPU.Build.0 = Debug|Any CPU
		{7e23397b-72eb-6bfd-2e8b-43a009cc29fc}.Debug|Any CPU.ActiveCfg = Debug|Any CPU
		{7e23397b-72eb-6bfd-2e8b-43a009cc29fc}.Debug|Any CPU.Build.0 = Debug|Any CPU
		{d206b690-798e-c1b0-d7c5-a5d82c277b06}.Debug|Any CPU.ActiveCfg = Debug|Any CPU
		{d206b690-798e-c1b0-d7c5-a5d82c277b06}.Debug|Any CPU.Build.0 = Debug|Any CPU
		{75fda899-8758-e259-3314-01fc250a5bb4}.Debug|Any CPU.ActiveCfg = Debug|Any CPU
		{75fda899-8758-e259-3314-01fc250a5bb4}.Debug|Any CPU.Build.0 = Debug|Any CPU
		{e1bc03c3-1416-8755-e80a-76c9782c4a04}.Debug|Any CPU.ActiveCfg = Debug|Any CPU
		{e1bc03c3-1416-8755-e80a-76c9782c4a04}.Debug|Any CPU.Build.0 = Debug|Any CPU
		{c220fa54-cc3b-a6bb-3824-8617d4e123b3}.Debug|Any CPU.ActiveCfg = Debug|Any CPU
		{c220fa54-cc3b-a6bb-3824-8617d4e123b3}.Debug|Any CPU.Build.0 = Debug|Any CPU
		{72bee2b8-bdfd-5116-a7b8-c1f44ddb5fc5}.Debug|Any CPU.ActiveCfg = Debug|Any CPU
		{72bee2b8-bdfd-5116-a7b8-c1f44ddb5fc5}.Debug|Any CPU.Build.0 = Debug|Any CPU
		{4270ed51-9451-3a9e-44aa-97278f9e7063}.Debug|Any CPU.ActiveCfg = Debug|Any CPU
		{4270ed51-9451-3a9e-44aa-97278f9e7063}.Debug|Any CPU.Build.0 = Debug|Any CPU
		{df1c0249-9f03-f459-5e34-b1261bc5165d}.Debug|Any CPU.ActiveCfg = Debug|Any CPU
		{df1c0249-9f03-f459-5e34-b1261bc5165d}.Debug|Any CPU.Build.0 = Debug|Any CPU
		{2cfb4546-4e8e-dc0f-9a49-9befac76611c}.Debug|Any CPU.ActiveCfg = Debug|Any CPU
		{2cfb4546-4e8e-dc0f-9a49-9befac76611c}.Debug|Any CPU.Build.0 = Debug|Any CPU
		{6257ab98-6a8e-578e-636e-a4a3826b81af}.Debug|Any CPU.ActiveCfg = Debug|Any CPU
		{6257ab98-6a8e-578e-636e-a4a3826b81af}.Debug|Any CPU.Build.0 = Debug|Any CPU
		{f35be37e-8008-cd44-db35-e13522655578}.Debug|Any CPU.ActiveCfg = Debug|Any CPU
		{f35be37e-8008-cd44-db35-e13522655578}.Debug|Any CPU.Build.0 = Debug|Any CPU
		{a50bfbd0-8e38-3eca-2c8a-47ad6c92482d}.Debug|Any CPU.ActiveCfg = Debug|Any CPU
		{a50bfbd0-8e38-3eca-2c8a-47ad6c92482d}.Debug|Any CPU.Build.0 = Debug|Any CPU
		{38c4ec10-3c99-3cfd-dd46-0176f43d77e0}.Debug|Any CPU.ActiveCfg = Debug|Any CPU
		{38c4ec10-3c99-3cfd-dd46-0176f43d77e0}.Debug|Any CPU.Build.0 = Debug|Any CPU
		{4f1c015b-97c6-fb03-5f08-96550de6cd54}.Debug|Any CPU.ActiveCfg = Debug|Any CPU
		{4f1c015b-97c6-fb03-5f08-96550de6cd54}.Debug|Any CPU.Build.0 = Debug|Any CPU
		{42120ff7-f8f5-743c-2b7c-5996f0c41b8c}.Debug|Any CPU.ActiveCfg = Debug|Any CPU
		{42120ff7-f8f5-743c-2b7c-5996f0c41b8c}.Debug|Any CPU.Build.0 = Debug|Any CPU
		{ba365d59-4667-9ff5-69cc-5fbca02dcb19}.Debug|Any CPU.ActiveCfg = Debug|Any CPU
		{ba365d59-4667-9ff5-69cc-5fbca02dcb19}.Debug|Any CPU.Build.0 = Debug|Any CPU
		{ee7c3141-2dd2-0e56-99fe-8ec8da7dbe7d}.Debug|Any CPU.ActiveCfg = Debug|Any CPU
		{ee7c3141-2dd2-0e56-99fe-8ec8da7dbe7d}.Debug|Any CPU.Build.0 = Debug|Any CPU
		{e85d83cc-ddab-320a-58bf-1eceaf0fecd7}.Debug|Any CPU.ActiveCfg = Debug|Any CPU
		{e85d83cc-ddab-320a-58bf-1eceaf0fecd7}.Debug|Any CPU.Build.0 = Debug|Any CPU
		{c84d731b-83ec-0a5a-8412-ccd9d288fdc6}.Debug|Any CPU.ActiveCfg = Debug|Any CPU
		{c84d731b-83ec-0a5a-8412-ccd9d288fdc6}.Debug|Any CPU.Build.0 = Debug|Any CPU
		{1cf5bdfd-1122-9e1c-6339-5072ef2572f1}.Debug|Any CPU.ActiveCfg = Debug|Any CPU
		{1cf5bdfd-1122-9e1c-6339-5072ef2572f1}.Debug|Any CPU.Build.0 = Debug|Any CPU
		{feb06d88-640e-b193-e4ed-3ea8c877a971}.Debug|Any CPU.ActiveCfg = Debug|Any CPU
		{feb06d88-640e-b193-e4ed-3ea8c877a971}.Debug|Any CPU.Build.0 = Debug|Any CPU
		{5f7afc34-c689-2b62-3b90-a795d734d17e}.Debug|Any CPU.ActiveCfg = Debug|Any CPU
		{5f7afc34-c689-2b62-3b90-a795d734d17e}.Debug|Any CPU.Build.0 = Debug|Any CPU
		{9538e841-0cd5-6d8a-6001-9f75f96ef228}.Debug|Any CPU.ActiveCfg = Debug|Any CPU
		{9538e841-0cd5-6d8a-6001-9f75f96ef228}.Debug|Any CPU.Build.0 = Debug|Any CPU
		{fbfb744b-dfa7-ebe1-8365-0d24439ec5e3}.Debug|Any CPU.ActiveCfg = Debug|Any CPU
		{fbfb744b-dfa7-ebe1-8365-0d24439ec5e3}.Debug|Any CPU.Build.0 = Debug|Any CPU
		{542d6eb4-4bd6-e3ff-a337-b5c29525030f}.Debug|Any CPU.ActiveCfg = Debug|Any CPU
		{542d6eb4-4bd6-e3ff-a337-b5c29525030f}.Debug|Any CPU.Build.0 = Debug|Any CPU
		{0575510d-94d4-61dd-19f5-e6ae6692c882}.Debug|Any CPU.ActiveCfg = Debug|Any CPU
		{0575510d-94d4-61dd-19f5-e6ae6692c882}.Debug|Any CPU.Build.0 = Debug|Any CPU
		{fc00f57e-fbf6-5397-0398-4bb9d66b35c5}.Debug|Any CPU.ActiveCfg = Debug|Any CPU
		{fc00f57e-fbf6-5397-0398-4bb9d66b35c5}.Debug|Any CPU.Build.0 = Debug|Any CPU
	EndGlobalSection
	GlobalSection(SolutionProperties) = preSolution
		HideSolutionNode = FALSE
	EndGlobalSection
EndGlobal
